
Microsoft Visual Studio Solution File, Format Version 12.00
Project("{FAE04EC0-301F-11D3-BF4B-00C04F79EFBC}") = "LearningLottery", "LearningLottery\LearningLottery.csproj", "{D2483390-19EE-4BB9-A401-FC7DCBB1CCD2}"
EndProject
Project("{FAE04EC0-301F-11D3-BF4B-00C04F79EFBC}") = "LearningLottery.Core", "LearningLottery.Core\LearningLottery.Core.csproj", "{EADDF93A-5262-4AD8-A6D7-DDA69600F333}"
EndProject
Global
	GlobalSection(SolutionConfigurationPlatforms) = preSolution
		Debug|Any CPU = Debug|Any CPU
		Release|Any CPU = Release|Any CPU
	EndGlobalSection
	GlobalSection(ProjectConfigurationPlatforms) = postSolution
		{D2483390-19EE-4BB9-A401-FC7DCBB1CCD2}.Debug|Any CPU.ActiveCfg = Debug|Any CPU
		{D2483390-19EE-4BB9-A401-FC7DCBB1CCD2}.Debug|Any CPU.Build.0 = Debug|Any CPU
		{D2483390-19EE-4BB9-A401-FC7DCBB1CCD2}.Release|Any CPU.ActiveCfg = Release|Any CPU
		{D2483390-19EE-4BB9-A401-FC7DCBB1CCD2}.Release|Any CPU.Build.0 = Release|Any CPU
		{EADDF93A-5262-4AD8-A6D7-DDA69600F333}.Debug|Any CPU.ActiveCfg = Debug|Any CPU
		{EADDF93A-5262-4AD8-A6D7-DDA69600F333}.Debug|Any CPU.Build.0 = Debug|Any CPU
		{EADDF93A-5262-4AD8-A6D7-DDA69600F333}.Release|Any CPU.ActiveCfg = Release|Any CPU
		{EADDF93A-5262-4AD8-A6D7-DDA69600F333}.Release|Any CPU.Build.0 = Release|Any CPU
	EndGlobalSection
EndGlobal
